
Microsoft Visual Studio Solution File, Format Version 12.00
# Visual Studio Version 16
VisualStudioVersion = 16.0.31105.61
MinimumVisualStudioVersion = 10.0.40219.1
Project("{9A19103F-16F7-4668-BE54-9A1E7A4F7556}") = "Refactor", "Refactor\Refactor.csproj", "{A2EB8256-4E9C-41E8-AB7B-8F8AD949D184}"
EndProject
Global
	GlobalSection(SolutionConfigurationPlatforms) = preSolution
		Debug|Any CPU = Debug|Any CPU
		Release|Any CPU = Release|Any CPU
	EndGlobalSection
	GlobalSection(ProjectConfigurationPlatforms) = postSolution
		{A2EB8256-4E9C-41E8-AB7B-8F8AD949D184}.Debug|Any CPU.ActiveCfg = Debug|Any CPU
		{A2EB8256-4E9C-41E8-AB7B-8F8AD949D184}.Debug|Any CPU.Build.0 = Debug|Any CPU
		{A2EB8256-4E9C-41E8-AB7B-8F8AD949D184}.Release|Any CPU.ActiveCfg = Release|Any CPU
		{A2EB8256-4E9C-41E8-AB7B-8F8AD949D184}.Release|Any CPU.Build.0 = Release|Any CPU
	EndGlobalSection
	GlobalSection(SolutionProperties) = preSolution
		HideSolutionNode = FALSE
	EndGlobalSection
	GlobalSection(ExtensibilityGlobals) = postSolution
		SolutionGuid = {56A370A3-C394-4E24-8731-5FBEAC3A03BF}
	EndGlobalSection
EndGlobal
